
Microsoft Visual Studio Solution File, Format Version 12.00
Project("{FAE04EC0-301F-11D3-BF4B-00C04F79EFBC}") = "learning csharp", "learning csharp.csproj", "{C63F5EE7-EF00-4A86-8139-0C29F73766D4}"
EndProject
Global
	GlobalSection(SolutionConfigurationPlatforms) = preSolution
		Debug|Any CPU = Debug|Any CPU
		Release|Any CPU = Release|Any CPU
	EndGlobalSection
	GlobalSection(ProjectConfigurationPlatforms) = postSolution
		{C63F5EE7-EF00-4A86-8139-0C29F73766D4}.Debug|Any CPU.ActiveCfg = Debug|Any CPU
		{C63F5EE7-EF00-4A86-8139-0C29F73766D4}.Debug|Any CPU.Build.0 = Debug|Any CPU
		{C63F5EE7-EF00-4A86-8139-0C29F73766D4}.Release|Any CPU.ActiveCfg = Release|Any CPU
		{C63F5EE7-EF00-4A86-8139-0C29F73766D4}.Release|Any CPU.Build.0 = Release|Any CPU
	EndGlobalSection
EndGlobal
